{
  "name": "@thzero/library_server_service_grpc",
  "version": "0.15.11",
  "lockfileVersion": 2,
  "requires": true,
  "packages": {
    "": {
      "name": "@thzero/library_server_service_grpc",
      "version": "0.15.11",
      "dependencies": {
        "@grpc/grpc-js": "^1.6.6"
      },
      "engines": {
        "node": ">=12.8.3"
      },
      "peerDependencies": {
        "@thzero/library_common": "^0.15",
        "@thzero/library_common_service": "^0.15",
        "@thzero/library_server": "^0.15"
      }
    },
    "node_modules/@godaddy/terminus": {
      "version": "4.10.2",
      "resolved": "https://registry.npmjs.org/@godaddy/terminus/-/terminus-4.10.2.tgz",
      "integrity": "sha512-xzNSk6yL3tbeD/vtmHlrBbxflmmbdBKT89rM4b10H5LeaBjBFgG6CsDPTb6CdZHdwipZl1Rxn5RDH5UbCLf8Qw==",
      "peer": true,
      "dependencies": {
        "stoppable": "^1.1.0"
      }
    },
    "node_modules/@grpc/grpc-js": {
      "version": "1.6.6",
      "resolved": "https://registry.npmjs.org/@grpc/grpc-js/-/grpc-js-1.6.6.tgz",
      "integrity": "sha512-gEMn1+d01yO/QNHsDOPHxJYtA6QItbdQT4mGFS8Gt5IQCq+83OEsD0sbvPf3RLCtHy1HI412JgQPr5HM9QK0mw==",
      "dependencies": {
        "@grpc/proto-loader": "^0.6.4",
        "@types/node": ">=12.12.47"
      },
      "engines": {
        "node": "^8.13.0 || >=10.10.0"
      }
    },
    "node_modules/@grpc/proto-loader": {
      "version": "0.6.9",
      "resolved": "https://registry.npmjs.org/@grpc/proto-loader/-/proto-loader-0.6.9.tgz",
      "integrity": "sha512-UlcCS8VbsU9d3XTXGiEVFonN7hXk+oMXZtoHHG2oSA1/GcDP1q6OUgs20PzHDGizzyi8ufGSUDlk3O2NyY7leg==",
      "dependencies": {
        "@types/long": "^4.0.1",
        "lodash.camelcase": "^4.3.0",
        "long": "^4.0.0",
        "protobufjs": "^6.10.0",
        "yargs": "^16.2.0"
      },
      "bin": {
        "proto-loader-gen-types": "build/bin/proto-loader-gen-types.js"
      },
      "engines": {
        "node": ">=6"
      }
    },
    "node_modules/@protobufjs/aspromise": {
      "version": "1.1.2",
      "resolved": "https://registry.npmjs.org/@protobufjs/aspromise/-/aspromise-1.1.2.tgz",
      "integrity": "sha1-m4sMxmPWaafY9vXQiToU00jzD78="
    },
    "node_modules/@protobufjs/base64": {
      "version": "1.1.2",
      "resolved": "https://registry.npmjs.org/@protobufjs/base64/-/base64-1.1.2.tgz",
      "integrity": "sha512-AZkcAA5vnN/v4PDqKyMR5lx7hZttPDgClv83E//FMNhR2TMcLUhfRUBHCmSl0oi9zMgDDqRUJkSxO3wm85+XLg=="
    },
    "node_modules/@protobufjs/codegen": {
      "version": "2.0.4",
      "resolved": "https://registry.npmjs.org/@protobufjs/codegen/-/codegen-2.0.4.tgz",
      "integrity": "sha512-YyFaikqM5sH0ziFZCN3xDC7zeGaB/d0IUb9CATugHWbd1FRFwWwt4ld4OYMPWu5a3Xe01mGAULCdqhMlPl29Jg=="
    },
    "node_modules/@protobufjs/eventemitter": {
      "version": "1.1.0",
      "resolved": "https://registry.npmjs.org/@protobufjs/eventemitter/-/eventemitter-1.1.0.tgz",
      "integrity": "sha1-NVy8mLr61ZePntCV85diHx0Ga3A="
    },
    "node_modules/@protobufjs/fetch": {
      "version": "1.1.0",
      "resolved": "https://registry.npmjs.org/@protobufjs/fetch/-/fetch-1.1.0.tgz",
      "integrity": "sha1-upn7WYYUr2VwDBYZ/wbUVLDYTEU=",
      "dependencies": {
        "@protobufjs/aspromise": "^1.1.1",
        "@protobufjs/inquire": "^1.1.0"
      }
    },
    "node_modules/@protobufjs/float": {
      "version": "1.0.2",
      "resolved": "https://registry.npmjs.org/@protobufjs/float/-/float-1.0.2.tgz",
      "integrity": "sha1-Xp4avctz/Ap8uLKR33jIy9l7h9E="
    },
    "node_modules/@protobufjs/inquire": {
      "version": "1.1.0",
      "resolved": "https://registry.npmjs.org/@protobufjs/inquire/-/inquire-1.1.0.tgz",
      "integrity": "sha1-/yAOPnzyQp4tyvwRQIKOjMY48Ik="
    },
    "node_modules/@protobufjs/path": {
      "version": "1.1.2",
      "resolved": "https://registry.npmjs.org/@protobufjs/path/-/path-1.1.2.tgz",
      "integrity": "sha1-bMKyDFya1q0NzP0hynZz2Nf79o0="
    },
    "node_modules/@protobufjs/pool": {
      "version": "1.1.0",
      "resolved": "https://registry.npmjs.org/@protobufjs/pool/-/pool-1.1.0.tgz",
      "integrity": "sha1-Cf0V8tbTq/qbZbw2ZQbWrXhG/1Q="
    },
    "node_modules/@protobufjs/utf8": {
      "version": "1.1.0",
      "resolved": "https://registry.npmjs.org/@protobufjs/utf8/-/utf8-1.1.0.tgz",
      "integrity": "sha1-p3c2C1s5oaLlEG+OhY8v0tBgxXA="
    },
    "node_modules/@thzero/library_common": {
      "version": "0.15.13",
      "resolved": "https://registry.npmjs.org/@thzero/library_common/-/library_common-0.15.13.tgz",
      "integrity": "sha512-gT5z8wbA8C9lk4ouaV61Wf5ipDduPpSi3PI2M0TmrkBARgZvoKYXXPIvmYk+EC5i6JCSyHg2VpyyIfyLB+92Bg==",
      "peer": true,
      "dependencies": {
        "dayjs": "^1.11.1",
        "dayjs-plugin-utc": "^0.1.2",
        "lodash": "^4.17.21",
        "short-uuid": "^4.2.0",
        "uuid": "^8.3.2"
      }
    },
    "node_modules/@thzero/library_common_service": {
      "version": "0.15.16",
      "resolved": "https://registry.npmjs.org/@thzero/library_common_service/-/library_common_service-0.15.16.tgz",
      "integrity": "sha512-jlBmzhO7ZhSS8yrd/Uk76lYvTXJ78HI9uY7Qf/E+aOio8Uofy8DZ0JXnaKpVbjzESixogtPrYx1v56BedreyJQ==",
      "peer": true,
      "peerDependencies": {
        "@thzero/library_common": "^0.15"
      }
    },
    "node_modules/@thzero/library_server": {
      "version": "0.15.39",
      "resolved": "https://registry.npmjs.org/@thzero/library_server/-/library_server-0.15.39.tgz",
      "integrity": "sha512-IwOQrWvNkmY9r/bYxZDgNlonLWsfcN40rWm66VcQTVTozL55lmHkY76Qk0r7s2/U6ztggb1In+5Z/zFnzFX7bA==",
      "peer": true,
      "dependencies": {
        "@godaddy/terminus": "^4.10.2",
        "async-mutex": "^0.3.2",
        "config": "^3.3.7",
        "default-gateway": "^6.0.3",
        "easy-rbac": "^3.2.0",
        "ipaddr.js": "^2.0.1"
      },
      "engines": {
        "node": ">=12.8.3"
      },
      "peerDependencies": {
        "@thzero/library_common": "^0.15",
        "@thzero/library_common_service": "^0.15"
      }
    },
    "node_modules/@types/long": {
      "version": "4.0.1",
      "resolved": "https://registry.npmjs.org/@types/long/-/long-4.0.1.tgz",
      "integrity": "sha512-5tXH6Bx/kNGd3MgffdmP4dy2Z+G4eaXw0SE81Tq3BNadtnMR5/ySMzX4SLEzHJzSmPNn4HIdpQsBvXMUykr58w=="
    },
    "node_modules/@types/node": {
      "version": "17.0.25",
      "resolved": "https://registry.npmjs.org/@types/node/-/node-17.0.25.tgz",
      "integrity": "sha512-wANk6fBrUwdpY4isjWrKTufkrXdu1D2YHCot2fD/DfWxF5sMrVSA+KN7ydckvaTCh0HiqX9IVl0L5/ZoXg5M7w=="
    },
    "node_modules/ansi-regex": {
      "version": "5.0.1",
      "resolved": "https://registry.npmjs.org/ansi-regex/-/ansi-regex-5.0.1.tgz",
      "integrity": "sha512-quJQXlTSUGL2LH9SUXo8VwsY4soanhgo6LNSm84E1LBcE8s3O0wpdiRzyR9z/ZZJMlMWv37qOOb9pdJlMUEKFQ==",
      "engines": {
        "node": ">=8"
      }
    },
    "node_modules/ansi-styles": {
      "version": "4.3.0",
      "resolved": "https://registry.npmjs.org/ansi-styles/-/ansi-styles-4.3.0.tgz",
      "integrity": "sha512-zbB9rCJAT1rbjiVDb2hqKFHNYLxgtk8NURxZ3IZwD3F6NtxbXZQCnnSi1Lkx+IDohdPlFp222wVALIheZJQSEg==",
      "dependencies": {
        "color-convert": "^2.0.1"
      },
      "engines": {
        "node": ">=8"
      },
      "funding": {
        "url": "https://github.com/chalk/ansi-styles?sponsor=1"
      }
    },
    "node_modules/any-base": {
      "version": "1.1.0",
      "resolved": "https://registry.npmjs.org/any-base/-/any-base-1.1.0.tgz",
      "integrity": "sha512-uMgjozySS8adZZYePpaWs8cxB9/kdzmpX6SgJZ+wbz1K5eYk5QMYDVJaZKhxyIHUdnnJkfR7SVgStgH7LkGUyg==",
      "peer": true
    },
    "node_modules/async-mutex": {
      "version": "0.3.2",
      "resolved": "https://registry.npmjs.org/async-mutex/-/async-mutex-0.3.2.tgz",
      "integrity": "sha512-HuTK7E7MT7jZEh1P9GtRW9+aTWiDWWi9InbZ5hjxrnRa39KS4BW04+xLBhYNS2aXhHUIKZSw3gj4Pn1pj+qGAA==",
      "peer": true,
      "dependencies": {
        "tslib": "^2.3.1"
      }
    },
    "node_modules/cliui": {
      "version": "7.0.4",
      "resolved": "https://registry.npmjs.org/cliui/-/cliui-7.0.4.tgz",
      "integrity": "sha512-OcRE68cOsVMXp1Yvonl/fzkQOyjLSu/8bhPDfQt0e0/Eb283TKP20Fs2MqoPsr9SwA595rRCA+QMzYc9nBP+JQ==",
      "dependencies": {
        "string-width": "^4.2.0",
        "strip-ansi": "^6.0.0",
        "wrap-ansi": "^7.0.0"
      }
    },
    "node_modules/color-convert": {
      "version": "2.0.1",
      "resolved": "https://registry.npmjs.org/color-convert/-/color-convert-2.0.1.tgz",
      "integrity": "sha512-RRECPsj7iu/xb5oKYcsFHSppFNnsj/52OVTRKb4zP5onXwVF3zVmmToNcOfGC+CRDpfK/U584fMg38ZHCaElKQ==",
      "dependencies": {
        "color-name": "~1.1.4"
      },
      "engines": {
        "node": ">=7.0.0"
      }
    },
    "node_modules/color-name": {
      "version": "1.1.4",
      "resolved": "https://registry.npmjs.org/color-name/-/color-name-1.1.4.tgz",
      "integrity": "sha512-dOy+3AuW3a2wNbZHIuMZpTcgjGuLU/uBL/ubcZF9OXbDo8ff4O8yVp5Bf0efS8uEoYo5q4Fx7dY9OgQGXgAsQA=="
    },
    "node_modules/config": {
      "version": "3.3.7",
      "resolved": "https://registry.npmjs.org/config/-/config-3.3.7.tgz",
      "integrity": "sha512-mX/n7GKDYZMqvvkY6e6oBY49W8wxdmQt+ho/5lhwFDXqQW9gI+Ahp8EKp8VAbISPnmf2+Bv5uZK7lKXZ6pf1aA==",
      "peer": true,
      "dependencies": {
        "json5": "^2.1.1"
      },
      "engines": {
        "node": ">= 10.0.0"
      }
    },
    "node_modules/cross-spawn": {
      "version": "7.0.3",
      "resolved": "https://registry.npmjs.org/cross-spawn/-/cross-spawn-7.0.3.tgz",
      "integrity": "sha512-iRDPJKUPVEND7dHPO8rkbOnPpyDygcDFtWjpeWNCgy8WP2rXcxXL8TskReQl6OrB2G7+UJrags1q15Fudc7G6w==",
      "peer": true,
      "dependencies": {
        "path-key": "^3.1.0",
        "shebang-command": "^2.0.0",
        "which": "^2.0.1"
      },
      "engines": {
        "node": ">= 8"
      }
    },
    "node_modules/dayjs": {
      "version": "1.11.1",
      "resolved": "https://registry.npmjs.org/dayjs/-/dayjs-1.11.1.tgz",
      "integrity": "sha512-ER7EjqVAMkRRsxNCC5YqJ9d9VQYuWdGt7aiH2qA5R5wt8ZmWaP2dLUSIK6y/kVzLMlmh1Tvu5xUf4M/wdGJ5KA==",
      "peer": true
    },
    "node_modules/dayjs-plugin-utc": {
      "version": "0.1.2",
      "resolved": "https://registry.npmjs.org/dayjs-plugin-utc/-/dayjs-plugin-utc-0.1.2.tgz",
      "integrity": "sha512-ExERH5o3oo6jFOdkvMP3gytTCQ9Ksi5PtylclJWghr7k7m3o2U5QrwtdiJkOxLOH4ghr0EKhpqGefzGz1VvVJg==",
      "peer": true
    },
    "node_modules/debug": {
      "version": "4.3.4",
      "resolved": "https://registry.npmjs.org/debug/-/debug-4.3.4.tgz",
      "integrity": "sha512-PRWFHuSU3eDtQJPvnNY7Jcket1j0t5OuOsFzPPzsekD52Zl8qUfFIPEiswXqIvHWGVHOgX+7G/vCNNhehwxfkQ==",
      "peer": true,
      "dependencies": {
        "ms": "2.1.2"
      },
      "engines": {
        "node": ">=6.0"
      },
      "peerDependenciesMeta": {
        "supports-color": {
          "optional": true
        }
      }
    },
    "node_modules/default-gateway": {
      "version": "6.0.3",
      "resolved": "https://registry.npmjs.org/default-gateway/-/default-gateway-6.0.3.tgz",
      "integrity": "sha512-fwSOJsbbNzZ/CUFpqFBqYfYNLj1NbMPm8MMCIzHjC83iSJRBEGmDUxU+WP661BaBQImeC2yHwXtz+P/O9o+XEg==",
      "peer": true,
      "dependencies": {
        "execa": "^5.0.0"
      },
      "engines": {
        "node": ">= 10"
      }
    },
    "node_modules/easy-rbac": {
      "version": "3.2.0",
      "resolved": "https://registry.npmjs.org/easy-rbac/-/easy-rbac-3.2.0.tgz",
      "integrity": "sha512-cRBiDCWPg0QwTwR98lDFkar0ZpDXk7MWGxhqvnkXcPDPu0jtq82uRroxErgr3O78hgqWZ6BGcqYJRyyHD5Hl+A==",
      "peer": true,
      "dependencies": {
        "debug": "^4.3.3"
      },
      "engines": {
        "node": ">=10.0"
      }
    },
    "node_modules/emoji-regex": {
      "version": "8.0.0",
      "resolved": "https://registry.npmjs.org/emoji-regex/-/emoji-regex-8.0.0.tgz",
      "integrity": "sha512-MSjYzcWNOA0ewAHpz0MxpYFvwg6yjy1NG3xteoqz644VCo/RPgnr1/GGt+ic3iJTzQ8Eu3TdM14SawnVUmGE6A=="
    },
    "node_modules/escalade": {
      "version": "3.1.1",
      "resolved": "https://registry.npmjs.org/escalade/-/escalade-3.1.1.tgz",
      "integrity": "sha512-k0er2gUkLf8O0zKJiAhmkTnJlTvINGv7ygDNPbeIsX/TJjGJZHuh9B2UxbsaEkmlEo9MfhrSzmhIlhRlI2GXnw==",
      "engines": {
        "node": ">=6"
      }
    },
    "node_modules/execa": {
      "version": "5.1.1",
      "resolved": "https://registry.npmjs.org/execa/-/execa-5.1.1.tgz",
      "integrity": "sha512-8uSpZZocAZRBAPIEINJj3Lo9HyGitllczc27Eh5YYojjMFMn8yHMDMaUHE2Jqfq05D/wucwI4JGURyXt1vchyg==",
      "peer": true,
      "dependencies": {
        "cross-spawn": "^7.0.3",
        "get-stream": "^6.0.0",
        "human-signals": "^2.1.0",
        "is-stream": "^2.0.0",
        "merge-stream": "^2.0.0",
        "npm-run-path": "^4.0.1",
        "onetime": "^5.1.2",
        "signal-exit": "^3.0.3",
        "strip-final-newline": "^2.0.0"
      },
      "engines": {
        "node": ">=10"
      },
      "funding": {
        "url": "https://github.com/sindresorhus/execa?sponsor=1"
      }
    },
    "node_modules/get-caller-file": {
      "version": "2.0.5",
      "resolved": "https://registry.npmjs.org/get-caller-file/-/get-caller-file-2.0.5.tgz",
      "integrity": "sha512-DyFP3BM/3YHTQOCUL/w0OZHR0lpKeGrxotcHWcqNEdnltqFwXVfhEBQ94eIo34AfQpo0rGki4cyIiftY06h2Fg==",
      "engines": {
        "node": "6.* || 8.* || >= 10.*"
      }
    },
    "node_modules/get-stream": {
      "version": "6.0.1",
      "resolved": "https://registry.npmjs.org/get-stream/-/get-stream-6.0.1.tgz",
      "integrity": "sha512-ts6Wi+2j3jQjqi70w5AlN8DFnkSwC+MqmxEzdEALB2qXZYV3X/b1CTfgPLGJNMeAWxdPfU8FO1ms3NUfaHCPYg==",
      "peer": true,
      "engines": {
        "node": ">=10"
      },
      "funding": {
        "url": "https://github.com/sponsors/sindresorhus"
      }
    },
    "node_modules/human-signals": {
      "version": "2.1.0",
      "resolved": "https://registry.npmjs.org/human-signals/-/human-signals-2.1.0.tgz",
      "integrity": "sha512-B4FFZ6q/T2jhhksgkbEW3HBvWIfDW85snkQgawt07S7J5QXTk6BkNV+0yAeZrM5QpMAdYlocGoljn0sJ/WQkFw==",
      "peer": true,
      "engines": {
        "node": ">=10.17.0"
      }
    },
    "node_modules/ipaddr.js": {
      "version": "2.0.1",
      "resolved": "https://registry.npmjs.org/ipaddr.js/-/ipaddr.js-2.0.1.tgz",
      "integrity": "sha512-1qTgH9NG+IIJ4yfKs2e6Pp1bZg8wbDbKHT21HrLIeYBTRLgMYKnMTPAuI3Lcs61nfx5h1xlXnbJtH1kX5/d/ng==",
      "peer": true,
      "engines": {
        "node": ">= 10"
      }
    },
    "node_modules/is-fullwidth-code-point": {
      "version": "3.0.0",
      "resolved": "https://registry.npmjs.org/is-fullwidth-code-point/-/is-fullwidth-code-point-3.0.0.tgz",
      "integrity": "sha512-zymm5+u+sCsSWyD9qNaejV3DFvhCKclKdizYaJUuHA83RLjb7nSuGnddCHGv0hk+KY7BMAlsWeK4Ueg6EV6XQg==",
      "engines": {
        "node": ">=8"
      }
    },
    "node_modules/is-stream": {
      "version": "2.0.1",
      "resolved": "https://registry.npmjs.org/is-stream/-/is-stream-2.0.1.tgz",
      "integrity": "sha512-hFoiJiTl63nn+kstHGBtewWSKnQLpyb155KHheA1l39uvtO9nWIop1p3udqPcUd/xbF1VLMO4n7OI6p7RbngDg==",
      "peer": true,
      "engines": {
        "node": ">=8"
      },
      "funding": {
        "url": "https://github.com/sponsors/sindresorhus"
      }
    },
    "node_modules/isexe": {
      "version": "2.0.0",
      "resolved": "https://registry.npmjs.org/isexe/-/isexe-2.0.0.tgz",
      "integrity": "sha1-6PvzdNxVb/iUehDcsFctYz8s+hA=",
      "peer": true
    },
    "node_modules/json5": {
      "version": "2.2.1",
      "resolved": "https://registry.npmjs.org/json5/-/json5-2.2.1.tgz",
      "integrity": "sha512-1hqLFMSrGHRHxav9q9gNjJ5EXznIxGVO09xQRrwplcS8qs28pZ8s8hupZAmqDwZUmVZ2Qb2jnyPOWcDH8m8dlA==",
      "peer": true,
      "bin": {
        "json5": "lib/cli.js"
      },
      "engines": {
        "node": ">=6"
      }
    },
    "node_modules/lodash": {
      "version": "4.17.21",
      "resolved": "https://registry.npmjs.org/lodash/-/lodash-4.17.21.tgz",
      "integrity": "sha512-v2kDEe57lecTulaDIuNTPy3Ry4gLGJ6Z1O3vE1krgXZNrsQ+LFTGHVxVjcXPs17LhbZVGedAJv8XZ1tvj5FvSg==",
      "peer": true
    },
    "node_modules/lodash.camelcase": {
      "version": "4.3.0",
      "resolved": "https://registry.npmjs.org/lodash.camelcase/-/lodash.camelcase-4.3.0.tgz",
      "integrity": "sha1-soqmKIorn8ZRA1x3EfZathkDMaY="
    },
    "node_modules/long": {
      "version": "4.0.0",
      "resolved": "https://registry.npmjs.org/long/-/long-4.0.0.tgz",
      "integrity": "sha512-XsP+KhQif4bjX1kbuSiySJFNAehNxgLb6hPRGJ9QsUr8ajHkuXGdrHmFUTUUXhDwVX2R5bY4JNZEwbUiMhV+MA=="
    },
    "node_modules/merge-stream": {
      "version": "2.0.0",
      "resolved": "https://registry.npmjs.org/merge-stream/-/merge-stream-2.0.0.tgz",
      "integrity": "sha512-abv/qOcuPfk3URPfDzmZU1LKmuw8kT+0nIHvKrKgFrwifol/doWcdA4ZqsWQ8ENrFKkd67Mfpo/LovbIUsbt3w==",
      "peer": true
    },
    "node_modules/mimic-fn": {
      "version": "2.1.0",
      "resolved": "https://registry.npmjs.org/mimic-fn/-/mimic-fn-2.1.0.tgz",
      "integrity": "sha512-OqbOk5oEQeAZ8WXWydlu9HJjz9WVdEIvamMCcXmuqUYjTknH/sqsWvhQ3vgwKFRR1HpjvNBKQ37nbJgYzGqGcg==",
      "peer": true,
      "engines": {
        "node": ">=6"
      }
    },
    "node_modules/ms": {
      "version": "2.1.2",
      "resolved": "https://registry.npmjs.org/ms/-/ms-2.1.2.tgz",
      "integrity": "sha512-sGkPx+VjMtmA6MX27oA4FBFELFCZZ4S4XqeGOXCv68tT+jb3vk/RyaKWP0PTKyWtmLSM0b+adUTEvbs1PEaH2w==",
      "peer": true
    },
    "node_modules/npm-run-path": {
      "version": "4.0.1",
      "resolved": "https://registry.npmjs.org/npm-run-path/-/npm-run-path-4.0.1.tgz",
      "integrity": "sha512-S48WzZW777zhNIrn7gxOlISNAqi9ZC/uQFnRdbeIHhZhCA6UqpkOT8T1G7BvfdgP4Er8gF4sUbaS0i7QvIfCWw==",
      "peer": true,
      "dependencies": {
        "path-key": "^3.0.0"
      },
      "engines": {
        "node": ">=8"
      }
    },
    "node_modules/onetime": {
      "version": "5.1.2",
      "resolved": "https://registry.npmjs.org/onetime/-/onetime-5.1.2.tgz",
      "integrity": "sha512-kbpaSSGJTWdAY5KPVeMOKXSrPtr8C8C7wodJbcsd51jRnmD+GZu8Y0VoU6Dm5Z4vWr0Ig/1NKuWRKf7j5aaYSg==",
      "peer": true,
      "dependencies": {
        "mimic-fn": "^2.1.0"
      },
      "engines": {
        "node": ">=6"
      },
      "funding": {
        "url": "https://github.com/sponsors/sindresorhus"
      }
    },
    "node_modules/path-key": {
      "version": "3.1.1",
      "resolved": "https://registry.npmjs.org/path-key/-/path-key-3.1.1.tgz",
      "integrity": "sha512-ojmeN0qd+y0jszEtoY48r0Peq5dwMEkIlCOu6Q5f41lfkswXuKtYrhgoTpLnyIcHm24Uhqx+5Tqm2InSwLhE6Q==",
      "peer": true,
      "engines": {
        "node": ">=8"
      }
    },
    "node_modules/protobufjs": {
      "version": "6.11.2",
      "resolved": "https://registry.npmjs.org/protobufjs/-/protobufjs-6.11.2.tgz",
      "integrity": "sha512-4BQJoPooKJl2G9j3XftkIXjoC9C0Av2NOrWmbLWT1vH32GcSUHjM0Arra6UfTsVyfMAuFzaLucXn1sadxJydAw==",
      "hasInstallScript": true,
      "dependencies": {
        "@protobufjs/aspromise": "^1.1.2",
        "@protobufjs/base64": "^1.1.2",
        "@protobufjs/codegen": "^2.0.4",
        "@protobufjs/eventemitter": "^1.1.0",
        "@protobufjs/fetch": "^1.1.0",
        "@protobufjs/float": "^1.0.2",
        "@protobufjs/inquire": "^1.1.0",
        "@protobufjs/path": "^1.1.2",
        "@protobufjs/pool": "^1.1.0",
        "@protobufjs/utf8": "^1.1.0",
        "@types/long": "^4.0.1",
        "@types/node": ">=13.7.0",
        "long": "^4.0.0"
      },
      "bin": {
        "pbjs": "bin/pbjs",
        "pbts": "bin/pbts"
      }
    },
    "node_modules/require-directory": {
      "version": "2.1.1",
      "resolved": "https://registry.npmjs.org/require-directory/-/require-directory-2.1.1.tgz",
      "integrity": "sha1-jGStX9MNqxyXbiNE/+f3kqam30I=",
      "engines": {
        "node": ">=0.10.0"
      }
    },
    "node_modules/shebang-command": {
      "version": "2.0.0",
      "resolved": "https://registry.npmjs.org/shebang-command/-/shebang-command-2.0.0.tgz",
      "integrity": "sha512-kHxr2zZpYtdmrN1qDjrrX/Z1rR1kG8Dx+gkpK1G4eXmvXswmcE1hTWBWYUzlraYw1/yZp6YuDY77YtvbN0dmDA==",
      "peer": true,
      "dependencies": {
        "shebang-regex": "^3.0.0"
      },
      "engines": {
        "node": ">=8"
      }
    },
    "node_modules/shebang-regex": {
      "version": "3.0.0",
      "resolved": "https://registry.npmjs.org/shebang-regex/-/shebang-regex-3.0.0.tgz",
      "integrity": "sha512-7++dFhtcx3353uBaq8DDR4NuxBetBzC7ZQOhmTQInHEd6bSrXdiEyzCvG07Z44UYdLShWUyXt5M/yhz8ekcb1A==",
      "peer": true,
      "engines": {
        "node": ">=8"
      }
    },
    "node_modules/short-uuid": {
      "version": "4.2.0",
      "resolved": "https://registry.npmjs.org/short-uuid/-/short-uuid-4.2.0.tgz",
      "integrity": "sha512-r3cxuPPZSuF0QkKsK9bBR7u+7cwuCRzWzgjPh07F5N2iIUNgblnMHepBY16xgj5t1lG9iOP9k/TEafY1qhRzaw==",
      "peer": true,
      "dependencies": {
        "any-base": "^1.1.0",
        "uuid": "^8.3.2"
      },
      "engines": {
        "node": ">=8"
      }
    },
    "node_modules/signal-exit": {
      "version": "3.0.7",
      "resolved": "https://registry.npmjs.org/signal-exit/-/signal-exit-3.0.7.tgz",
      "integrity": "sha512-wnD2ZE+l+SPC/uoS0vXeE9L1+0wuaMqKlfz9AMUo38JsyLSBWSFcHR1Rri62LZc12vLr1gb3jl7iwQhgwpAbGQ==",
      "peer": true
    },
    "node_modules/stoppable": {
      "version": "1.1.0",
      "resolved": "https://registry.npmjs.org/stoppable/-/stoppable-1.1.0.tgz",
      "integrity": "sha512-KXDYZ9dszj6bzvnEMRYvxgeTHU74QBFL54XKtP3nyMuJ81CFYtABZ3bAzL2EdFUaEwJOBOgENyFj3R7oTzDyyw==",
      "peer": true,
      "engines": {
        "node": ">=4",
        "npm": ">=6"
      }
    },
    "node_modules/string-width": {
      "version": "4.2.3",
      "resolved": "https://registry.npmjs.org/string-width/-/string-width-4.2.3.tgz",
      "integrity": "sha512-wKyQRQpjJ0sIp62ErSZdGsjMJWsap5oRNihHhu6G7JVO/9jIB6UyevL+tXuOqrng8j/cxKTWyWUwvSTriiZz/g==",
      "dependencies": {
        "emoji-regex": "^8.0.0",
        "is-fullwidth-code-point": "^3.0.0",
        "strip-ansi": "^6.0.1"
      },
      "engines": {
        "node": ">=8"
      }
    },
    "node_modules/strip-ansi": {
      "version": "6.0.1",
      "resolved": "https://registry.npmjs.org/strip-ansi/-/strip-ansi-6.0.1.tgz",
      "integrity": "sha512-Y38VPSHcqkFrCpFnQ9vuSXmquuv5oXOKpGeT6aGrr3o3Gc9AlVa6JBfUSOCnbxGGZF+/0ooI7KrPuUSztUdU5A==",
      "dependencies": {
        "ansi-regex": "^5.0.1"
      },
      "engines": {
        "node": ">=8"
      }
    },
    "node_modules/strip-final-newline": {
      "version": "2.0.0",
      "resolved": "https://registry.npmjs.org/strip-final-newline/-/strip-final-newline-2.0.0.tgz",
      "integrity": "sha512-BrpvfNAE3dcvq7ll3xVumzjKjZQ5tI1sEUIKr3Uoks0XUl45St3FlatVqef9prk4jRDzhW6WZg+3bk93y6pLjA==",
      "peer": true,
      "engines": {
        "node": ">=6"
      }
    },
    "node_modules/tslib": {
      "version": "2.3.1",
      "resolved": "https://registry.npmjs.org/tslib/-/tslib-2.3.1.tgz",
      "integrity": "sha512-77EbyPPpMz+FRFRuAFlWMtmgUWGe9UOG2Z25NqCwiIjRhOf5iKGuzSe5P2w1laq+FkRy4p+PCuVkJSGkzTEKVw==",
      "peer": true
    },
    "node_modules/uuid": {
      "version": "8.3.2",
      "resolved": "https://registry.npmjs.org/uuid/-/uuid-8.3.2.tgz",
      "integrity": "sha512-+NYs2QeMWy+GWFOEm9xnn6HCDp0l7QBD7ml8zLUmJ+93Q5NF0NocErnwkTkXVFNiX3/fpC6afS8Dhb/gz7R7eg==",
      "peer": true,
      "bin": {
        "uuid": "dist/bin/uuid"
      }
    },
    "node_modules/which": {
      "version": "2.0.2",
      "resolved": "https://registry.npmjs.org/which/-/which-2.0.2.tgz",
      "integrity": "sha512-BLI3Tl1TW3Pvl70l3yq3Y64i+awpwXqsGBYWkkqMtnbXgrMD+yj7rhW0kuEDxzJaYXGjEW5ogapKNMEKNMjibA==",
      "peer": true,
      "dependencies": {
        "isexe": "^2.0.0"
      },
      "bin": {
        "node-which": "bin/node-which"
      },
      "engines": {
        "node": ">= 8"
      }
    },
    "node_modules/wrap-ansi": {
      "version": "7.0.0",
      "resolved": "https://registry.npmjs.org/wrap-ansi/-/wrap-ansi-7.0.0.tgz",
      "integrity": "sha512-YVGIj2kamLSTxw6NsZjoBxfSwsn0ycdesmc4p+Q21c5zPuZ1pl+NfxVdxPtdHvmNVOQ6XSYG4AUtyt/Fi7D16Q==",
      "dependencies": {
        "ansi-styles": "^4.0.0",
        "string-width": "^4.1.0",
        "strip-ansi": "^6.0.0"
      },
      "engines": {
        "node": ">=10"
      },
      "funding": {
        "url": "https://github.com/chalk/wrap-ansi?sponsor=1"
      }
    },
    "node_modules/y18n": {
      "version": "5.0.8",
      "resolved": "https://registry.npmjs.org/y18n/-/y18n-5.0.8.tgz",
      "integrity": "sha512-0pfFzegeDWJHJIAmTLRP2DwHjdF5s7jo9tuztdQxAhINCdvS+3nGINqPd00AphqJR/0LhANUS6/+7SCb98YOfA==",
      "engines": {
        "node": ">=10"
      }
    },
    "node_modules/yargs": {
      "version": "16.2.0",
      "resolved": "https://registry.npmjs.org/yargs/-/yargs-16.2.0.tgz",
      "integrity": "sha512-D1mvvtDG0L5ft/jGWkLpG1+m0eQxOfaBvTNELraWj22wSVUMWxZUvYgJYcKh6jGGIkJFhH4IZPQhR4TKpc8mBw==",
      "dependencies": {
        "cliui": "^7.0.2",
        "escalade": "^3.1.1",
        "get-caller-file": "^2.0.5",
        "require-directory": "^2.1.1",
        "string-width": "^4.2.0",
        "y18n": "^5.0.5",
        "yargs-parser": "^20.2.2"
      },
      "engines": {
        "node": ">=10"
      }
    },
    "node_modules/yargs-parser": {
      "version": "20.2.9",
      "resolved": "https://registry.npmjs.org/yargs-parser/-/yargs-parser-20.2.9.tgz",
      "integrity": "sha512-y11nGElTIV+CT3Zv9t7VKl+Q3hTQoT9a1Qzezhhl6Rp21gJ/IVTW7Z3y9EWXhuUBC2Shnf+DX0antecpAwSP8w==",
      "engines": {
        "node": ">=10"
      }
    }
  },
  "dependencies": {
    "@godaddy/terminus": {
      "version": "4.10.2",
      "resolved": "https://registry.npmjs.org/@godaddy/terminus/-/terminus-4.10.2.tgz",
      "integrity": "sha512-xzNSk6yL3tbeD/vtmHlrBbxflmmbdBKT89rM4b10H5LeaBjBFgG6CsDPTb6CdZHdwipZl1Rxn5RDH5UbCLf8Qw==",
      "peer": true,
      "requires": {
        "stoppable": "^1.1.0"
      }
    },
    "@grpc/grpc-js": {
      "version": "1.6.6",
      "resolved": "https://registry.npmjs.org/@grpc/grpc-js/-/grpc-js-1.6.6.tgz",
      "integrity": "sha512-gEMn1+d01yO/QNHsDOPHxJYtA6QItbdQT4mGFS8Gt5IQCq+83OEsD0sbvPf3RLCtHy1HI412JgQPr5HM9QK0mw==",
      "requires": {
        "@grpc/proto-loader": "^0.6.4",
        "@types/node": ">=12.12.47"
      }
    },
    "@grpc/proto-loader": {
      "version": "0.6.9",
      "resolved": "https://registry.npmjs.org/@grpc/proto-loader/-/proto-loader-0.6.9.tgz",
      "integrity": "sha512-UlcCS8VbsU9d3XTXGiEVFonN7hXk+oMXZtoHHG2oSA1/GcDP1q6OUgs20PzHDGizzyi8ufGSUDlk3O2NyY7leg==",
      "requires": {
        "@types/long": "^4.0.1",
        "lodash.camelcase": "^4.3.0",
        "long": "^4.0.0",
        "protobufjs": "^6.10.0",
        "yargs": "^16.2.0"
      }
    },
    "@protobufjs/aspromise": {
      "version": "1.1.2",
      "resolved": "https://registry.npmjs.org/@protobufjs/aspromise/-/aspromise-1.1.2.tgz",
      "integrity": "sha1-m4sMxmPWaafY9vXQiToU00jzD78="
    },
    "@protobufjs/base64": {
      "version": "1.1.2",
      "resolved": "https://registry.npmjs.org/@protobufjs/base64/-/base64-1.1.2.tgz",
      "integrity": "sha512-AZkcAA5vnN/v4PDqKyMR5lx7hZttPDgClv83E//FMNhR2TMcLUhfRUBHCmSl0oi9zMgDDqRUJkSxO3wm85+XLg=="
    },
    "@protobufjs/codegen": {
      "version": "2.0.4",
      "resolved": "https://registry.npmjs.org/@protobufjs/codegen/-/codegen-2.0.4.tgz",
      "integrity": "sha512-YyFaikqM5sH0ziFZCN3xDC7zeGaB/d0IUb9CATugHWbd1FRFwWwt4ld4OYMPWu5a3Xe01mGAULCdqhMlPl29Jg=="
    },
    "@protobufjs/eventemitter": {
      "version": "1.1.0",
      "resolved": "https://registry.npmjs.org/@protobufjs/eventemitter/-/eventemitter-1.1.0.tgz",
      "integrity": "sha1-NVy8mLr61ZePntCV85diHx0Ga3A="
    },
    "@protobufjs/fetch": {
      "version": "1.1.0",
      "resolved": "https://registry.npmjs.org/@protobufjs/fetch/-/fetch-1.1.0.tgz",
      "integrity": "sha1-upn7WYYUr2VwDBYZ/wbUVLDYTEU=",
      "requires": {
        "@protobufjs/aspromise": "^1.1.1",
        "@protobufjs/inquire": "^1.1.0"
      }
    },
    "@protobufjs/float": {
      "version": "1.0.2",
      "resolved": "https://registry.npmjs.org/@protobufjs/float/-/float-1.0.2.tgz",
      "integrity": "sha1-Xp4avctz/Ap8uLKR33jIy9l7h9E="
    },
    "@protobufjs/inquire": {
      "version": "1.1.0",
      "resolved": "https://registry.npmjs.org/@protobufjs/inquire/-/inquire-1.1.0.tgz",
      "integrity": "sha1-/yAOPnzyQp4tyvwRQIKOjMY48Ik="
    },
    "@protobufjs/path": {
      "version": "1.1.2",
      "resolved": "https://registry.npmjs.org/@protobufjs/path/-/path-1.1.2.tgz",
      "integrity": "sha1-bMKyDFya1q0NzP0hynZz2Nf79o0="
    },
    "@protobufjs/pool": {
      "version": "1.1.0",
      "resolved": "https://registry.npmjs.org/@protobufjs/pool/-/pool-1.1.0.tgz",
      "integrity": "sha1-Cf0V8tbTq/qbZbw2ZQbWrXhG/1Q="
    },
    "@protobufjs/utf8": {
      "version": "1.1.0",
      "resolved": "https://registry.npmjs.org/@protobufjs/utf8/-/utf8-1.1.0.tgz",
      "integrity": "sha1-p3c2C1s5oaLlEG+OhY8v0tBgxXA="
    },
    "@thzero/library_common": {
      "version": "0.15.13",
      "resolved": "https://registry.npmjs.org/@thzero/library_common/-/library_common-0.15.13.tgz",
      "integrity": "sha512-gT5z8wbA8C9lk4ouaV61Wf5ipDduPpSi3PI2M0TmrkBARgZvoKYXXPIvmYk+EC5i6JCSyHg2VpyyIfyLB+92Bg==",
      "peer": true,
      "requires": {
        "dayjs": "^1.11.1",
        "dayjs-plugin-utc": "^0.1.2",
        "lodash": "^4.17.21",
        "short-uuid": "^4.2.0",
        "uuid": "^8.3.2"
      }
    },
    "@thzero/library_common_service": {
      "version": "0.15.16",
      "resolved": "https://registry.npmjs.org/@thzero/library_common_service/-/library_common_service-0.15.16.tgz",
      "integrity": "sha512-jlBmzhO7ZhSS8yrd/Uk76lYvTXJ78HI9uY7Qf/E+aOio8Uofy8DZ0JXnaKpVbjzESixogtPrYx1v56BedreyJQ==",
      "peer": true,
      "requires": {}
    },
    "@thzero/library_server": {
      "version": "0.15.39",
      "resolved": "https://registry.npmjs.org/@thzero/library_server/-/library_server-0.15.39.tgz",
      "integrity": "sha512-IwOQrWvNkmY9r/bYxZDgNlonLWsfcN40rWm66VcQTVTozL55lmHkY76Qk0r7s2/U6ztggb1In+5Z/zFnzFX7bA==",
      "peer": true,
      "requires": {
        "@godaddy/terminus": "^4.10.2",
        "async-mutex": "^0.3.2",
        "config": "^3.3.7",
        "default-gateway": "^6.0.3",
        "easy-rbac": "^3.2.0",
        "ipaddr.js": "^2.0.1"
      }
    },
    "@types/long": {
      "version": "4.0.1",
      "resolved": "https://registry.npmjs.org/@types/long/-/long-4.0.1.tgz",
      "integrity": "sha512-5tXH6Bx/kNGd3MgffdmP4dy2Z+G4eaXw0SE81Tq3BNadtnMR5/ySMzX4SLEzHJzSmPNn4HIdpQsBvXMUykr58w=="
    },
    "@types/node": {
      "version": "17.0.25",
      "resolved": "https://registry.npmjs.org/@types/node/-/node-17.0.25.tgz",
      "integrity": "sha512-wANk6fBrUwdpY4isjWrKTufkrXdu1D2YHCot2fD/DfWxF5sMrVSA+KN7ydckvaTCh0HiqX9IVl0L5/ZoXg5M7w=="
    },
    "ansi-regex": {
      "version": "5.0.1",
      "resolved": "https://registry.npmjs.org/ansi-regex/-/ansi-regex-5.0.1.tgz",
      "integrity": "sha512-quJQXlTSUGL2LH9SUXo8VwsY4soanhgo6LNSm84E1LBcE8s3O0wpdiRzyR9z/ZZJMlMWv37qOOb9pdJlMUEKFQ=="
    },
    "ansi-styles": {
      "version": "4.3.0",
      "resolved": "https://registry.npmjs.org/ansi-styles/-/ansi-styles-4.3.0.tgz",
      "integrity": "sha512-zbB9rCJAT1rbjiVDb2hqKFHNYLxgtk8NURxZ3IZwD3F6NtxbXZQCnnSi1Lkx+IDohdPlFp222wVALIheZJQSEg==",
      "requires": {
        "color-convert": "^2.0.1"
      }
    },
    "any-base": {
      "version": "1.1.0",
      "resolved": "https://registry.npmjs.org/any-base/-/any-base-1.1.0.tgz",
      "integrity": "sha512-uMgjozySS8adZZYePpaWs8cxB9/kdzmpX6SgJZ+wbz1K5eYk5QMYDVJaZKhxyIHUdnnJkfR7SVgStgH7LkGUyg==",
      "peer": true
    },
    "async-mutex": {
      "version": "0.3.2",
      "resolved": "https://registry.npmjs.org/async-mutex/-/async-mutex-0.3.2.tgz",
      "integrity": "sha512-HuTK7E7MT7jZEh1P9GtRW9+aTWiDWWi9InbZ5hjxrnRa39KS4BW04+xLBhYNS2aXhHUIKZSw3gj4Pn1pj+qGAA==",
      "peer": true,
      "requires": {
        "tslib": "^2.3.1"
      }
    },
    "cliui": {
      "version": "7.0.4",
      "resolved": "https://registry.npmjs.org/cliui/-/cliui-7.0.4.tgz",
      "integrity": "sha512-OcRE68cOsVMXp1Yvonl/fzkQOyjLSu/8bhPDfQt0e0/Eb283TKP20Fs2MqoPsr9SwA595rRCA+QMzYc9nBP+JQ==",
      "requires": {
        "string-width": "^4.2.0",
        "strip-ansi": "^6.0.0",
        "wrap-ansi": "^7.0.0"
      }
    },
    "color-convert": {
      "version": "2.0.1",
      "resolved": "https://registry.npmjs.org/color-convert/-/color-convert-2.0.1.tgz",
      "integrity": "sha512-RRECPsj7iu/xb5oKYcsFHSppFNnsj/52OVTRKb4zP5onXwVF3zVmmToNcOfGC+CRDpfK/U584fMg38ZHCaElKQ==",
      "requires": {
        "color-name": "~1.1.4"
      }
    },
    "color-name": {
      "version": "1.1.4",
      "resolved": "https://registry.npmjs.org/color-name/-/color-name-1.1.4.tgz",
      "integrity": "sha512-dOy+3AuW3a2wNbZHIuMZpTcgjGuLU/uBL/ubcZF9OXbDo8ff4O8yVp5Bf0efS8uEoYo5q4Fx7dY9OgQGXgAsQA=="
    },
    "config": {
      "version": "3.3.7",
      "resolved": "https://registry.npmjs.org/config/-/config-3.3.7.tgz",
      "integrity": "sha512-mX/n7GKDYZMqvvkY6e6oBY49W8wxdmQt+ho/5lhwFDXqQW9gI+Ahp8EKp8VAbISPnmf2+Bv5uZK7lKXZ6pf1aA==",
      "peer": true,
      "requires": {
        "json5": "^2.1.1"
      }
    },
    "cross-spawn": {
      "version": "7.0.3",
      "resolved": "https://registry.npmjs.org/cross-spawn/-/cross-spawn-7.0.3.tgz",
      "integrity": "sha512-iRDPJKUPVEND7dHPO8rkbOnPpyDygcDFtWjpeWNCgy8WP2rXcxXL8TskReQl6OrB2G7+UJrags1q15Fudc7G6w==",
      "peer": true,
      "requires": {
        "path-key": "^3.1.0",
        "shebang-command": "^2.0.0",
        "which": "^2.0.1"
      }
    },
    "dayjs": {
      "version": "1.11.1",
      "resolved": "https://registry.npmjs.org/dayjs/-/dayjs-1.11.1.tgz",
      "integrity": "sha512-ER7EjqVAMkRRsxNCC5YqJ9d9VQYuWdGt7aiH2qA5R5wt8ZmWaP2dLUSIK6y/kVzLMlmh1Tvu5xUf4M/wdGJ5KA==",
      "peer": true
    },
    "dayjs-plugin-utc": {
      "version": "0.1.2",
      "resolved": "https://registry.npmjs.org/dayjs-plugin-utc/-/dayjs-plugin-utc-0.1.2.tgz",
      "integrity": "sha512-ExERH5o3oo6jFOdkvMP3gytTCQ9Ksi5PtylclJWghr7k7m3o2U5QrwtdiJkOxLOH4ghr0EKhpqGefzGz1VvVJg==",
      "peer": true
    },
    "debug": {
      "version": "4.3.4",
      "resolved": "https://registry.npmjs.org/debug/-/debug-4.3.4.tgz",
      "integrity": "sha512-PRWFHuSU3eDtQJPvnNY7Jcket1j0t5OuOsFzPPzsekD52Zl8qUfFIPEiswXqIvHWGVHOgX+7G/vCNNhehwxfkQ==",
      "peer": true,
      "requires": {
        "ms": "2.1.2"
      }
    },
    "default-gateway": {
      "version": "6.0.3",
      "resolved": "https://registry.npmjs.org/default-gateway/-/default-gateway-6.0.3.tgz",
      "integrity": "sha512-fwSOJsbbNzZ/CUFpqFBqYfYNLj1NbMPm8MMCIzHjC83iSJRBEGmDUxU+WP661BaBQImeC2yHwXtz+P/O9o+XEg==",
      "peer": true,
      "requires": {
        "execa": "^5.0.0"
      }
    },
    "easy-rbac": {
      "version": "3.2.0",
      "resolved": "https://registry.npmjs.org/easy-rbac/-/easy-rbac-3.2.0.tgz",
      "integrity": "sha512-cRBiDCWPg0QwTwR98lDFkar0ZpDXk7MWGxhqvnkXcPDPu0jtq82uRroxErgr3O78hgqWZ6BGcqYJRyyHD5Hl+A==",
      "peer": true,
      "requires": {
        "debug": "^4.3.3"
      }
    },
    "emoji-regex": {
      "version": "8.0.0",
      "resolved": "https://registry.npmjs.org/emoji-regex/-/emoji-regex-8.0.0.tgz",
      "integrity": "sha512-MSjYzcWNOA0ewAHpz0MxpYFvwg6yjy1NG3xteoqz644VCo/RPgnr1/GGt+ic3iJTzQ8Eu3TdM14SawnVUmGE6A=="
    },
    "escalade": {
      "version": "3.1.1",
      "resolved": "https://registry.npmjs.org/escalade/-/escalade-3.1.1.tgz",
      "integrity": "sha512-k0er2gUkLf8O0zKJiAhmkTnJlTvINGv7ygDNPbeIsX/TJjGJZHuh9B2UxbsaEkmlEo9MfhrSzmhIlhRlI2GXnw=="
    },
    "execa": {
      "version": "5.1.1",
      "resolved": "https://registry.npmjs.org/execa/-/execa-5.1.1.tgz",
      "integrity": "sha512-8uSpZZocAZRBAPIEINJj3Lo9HyGitllczc27Eh5YYojjMFMn8yHMDMaUHE2Jqfq05D/wucwI4JGURyXt1vchyg==",
      "peer": true,
      "requires": {
        "cross-spawn": "^7.0.3",
        "get-stream": "^6.0.0",
        "human-signals": "^2.1.0",
        "is-stream": "^2.0.0",
        "merge-stream": "^2.0.0",
        "npm-run-path": "^4.0.1",
        "onetime": "^5.1.2",
        "signal-exit": "^3.0.3",
        "strip-final-newline": "^2.0.0"
      }
    },
    "get-caller-file": {
      "version": "2.0.5",
      "resolved": "https://registry.npmjs.org/get-caller-file/-/get-caller-file-2.0.5.tgz",
      "integrity": "sha512-DyFP3BM/3YHTQOCUL/w0OZHR0lpKeGrxotcHWcqNEdnltqFwXVfhEBQ94eIo34AfQpo0rGki4cyIiftY06h2Fg=="
    },
    "get-stream": {
      "version": "6.0.1",
      "resolved": "https://registry.npmjs.org/get-stream/-/get-stream-6.0.1.tgz",
      "integrity": "sha512-ts6Wi+2j3jQjqi70w5AlN8DFnkSwC+MqmxEzdEALB2qXZYV3X/b1CTfgPLGJNMeAWxdPfU8FO1ms3NUfaHCPYg==",
      "peer": true
    },
    "human-signals": {
      "version": "2.1.0",
      "resolved": "https://registry.npmjs.org/human-signals/-/human-signals-2.1.0.tgz",
      "integrity": "sha512-B4FFZ6q/T2jhhksgkbEW3HBvWIfDW85snkQgawt07S7J5QXTk6BkNV+0yAeZrM5QpMAdYlocGoljn0sJ/WQkFw==",
      "peer": true
    },
    "ipaddr.js": {
      "version": "2.0.1",
      "resolved": "https://registry.npmjs.org/ipaddr.js/-/ipaddr.js-2.0.1.tgz",
      "integrity": "sha512-1qTgH9NG+IIJ4yfKs2e6Pp1bZg8wbDbKHT21HrLIeYBTRLgMYKnMTPAuI3Lcs61nfx5h1xlXnbJtH1kX5/d/ng==",
      "peer": true
    },
    "is-fullwidth-code-point": {
      "version": "3.0.0",
      "resolved": "https://registry.npmjs.org/is-fullwidth-code-point/-/is-fullwidth-code-point-3.0.0.tgz",
      "integrity": "sha512-zymm5+u+sCsSWyD9qNaejV3DFvhCKclKdizYaJUuHA83RLjb7nSuGnddCHGv0hk+KY7BMAlsWeK4Ueg6EV6XQg=="
    },
    "is-stream": {
      "version": "2.0.1",
      "resolved": "https://registry.npmjs.org/is-stream/-/is-stream-2.0.1.tgz",
      "integrity": "sha512-hFoiJiTl63nn+kstHGBtewWSKnQLpyb155KHheA1l39uvtO9nWIop1p3udqPcUd/xbF1VLMO4n7OI6p7RbngDg==",
      "peer": true
    },
    "isexe": {
      "version": "2.0.0",
      "resolved": "https://registry.npmjs.org/isexe/-/isexe-2.0.0.tgz",
      "integrity": "sha1-6PvzdNxVb/iUehDcsFctYz8s+hA=",
      "peer": true
    },
    "json5": {
      "version": "2.2.1",
      "resolved": "https://registry.npmjs.org/json5/-/json5-2.2.1.tgz",
      "integrity": "sha512-1hqLFMSrGHRHxav9q9gNjJ5EXznIxGVO09xQRrwplcS8qs28pZ8s8hupZAmqDwZUmVZ2Qb2jnyPOWcDH8m8dlA==",
      "peer": true
    },
    "lodash": {
      "version": "4.17.21",
      "resolved": "https://registry.npmjs.org/lodash/-/lodash-4.17.21.tgz",
      "integrity": "sha512-v2kDEe57lecTulaDIuNTPy3Ry4gLGJ6Z1O3vE1krgXZNrsQ+LFTGHVxVjcXPs17LhbZVGedAJv8XZ1tvj5FvSg==",
      "peer": true
    },
    "lodash.camelcase": {
      "version": "4.3.0",
      "resolved": "https://registry.npmjs.org/lodash.camelcase/-/lodash.camelcase-4.3.0.tgz",
      "integrity": "sha1-soqmKIorn8ZRA1x3EfZathkDMaY="
    },
    "long": {
      "version": "4.0.0",
      "resolved": "https://registry.npmjs.org/long/-/long-4.0.0.tgz",
      "integrity": "sha512-XsP+KhQif4bjX1kbuSiySJFNAehNxgLb6hPRGJ9QsUr8ajHkuXGdrHmFUTUUXhDwVX2R5bY4JNZEwbUiMhV+MA=="
    },
    "merge-stream": {
      "version": "2.0.0",
      "resolved": "https://registry.npmjs.org/merge-stream/-/merge-stream-2.0.0.tgz",
      "integrity": "sha512-abv/qOcuPfk3URPfDzmZU1LKmuw8kT+0nIHvKrKgFrwifol/doWcdA4ZqsWQ8ENrFKkd67Mfpo/LovbIUsbt3w==",
      "peer": true
    },
    "mimic-fn": {
      "version": "2.1.0",
      "resolved": "https://registry.npmjs.org/mimic-fn/-/mimic-fn-2.1.0.tgz",
      "integrity": "sha512-OqbOk5oEQeAZ8WXWydlu9HJjz9WVdEIvamMCcXmuqUYjTknH/sqsWvhQ3vgwKFRR1HpjvNBKQ37nbJgYzGqGcg==",
      "peer": true
    },
    "ms": {
      "version": "2.1.2",
      "resolved": "https://registry.npmjs.org/ms/-/ms-2.1.2.tgz",
      "integrity": "sha512-sGkPx+VjMtmA6MX27oA4FBFELFCZZ4S4XqeGOXCv68tT+jb3vk/RyaKWP0PTKyWtmLSM0b+adUTEvbs1PEaH2w==",
      "peer": true
    },
    "npm-run-path": {
      "version": "4.0.1",
      "resolved": "https://registry.npmjs.org/npm-run-path/-/npm-run-path-4.0.1.tgz",
      "integrity": "sha512-S48WzZW777zhNIrn7gxOlISNAqi9ZC/uQFnRdbeIHhZhCA6UqpkOT8T1G7BvfdgP4Er8gF4sUbaS0i7QvIfCWw==",
      "peer": true,
      "requires": {
        "path-key": "^3.0.0"
      }
    },
    "onetime": {
      "version": "5.1.2",
      "resolved": "https://registry.npmjs.org/onetime/-/onetime-5.1.2.tgz",
      "integrity": "sha512-kbpaSSGJTWdAY5KPVeMOKXSrPtr8C8C7wodJbcsd51jRnmD+GZu8Y0VoU6Dm5Z4vWr0Ig/1NKuWRKf7j5aaYSg==",
      "peer": true,
      "requires": {
        "mimic-fn": "^2.1.0"
      }
    },
    "path-key": {
      "version": "3.1.1",
      "resolved": "https://registry.npmjs.org/path-key/-/path-key-3.1.1.tgz",
      "integrity": "sha512-ojmeN0qd+y0jszEtoY48r0Peq5dwMEkIlCOu6Q5f41lfkswXuKtYrhgoTpLnyIcHm24Uhqx+5Tqm2InSwLhE6Q==",
      "peer": true
    },
    "protobufjs": {
      "version": "6.11.2",
      "resolved": "https://registry.npmjs.org/protobufjs/-/protobufjs-6.11.2.tgz",
      "integrity": "sha512-4BQJoPooKJl2G9j3XftkIXjoC9C0Av2NOrWmbLWT1vH32GcSUHjM0Arra6UfTsVyfMAuFzaLucXn1sadxJydAw==",
      "requires": {
        "@protobufjs/aspromise": "^1.1.2",
        "@protobufjs/base64": "^1.1.2",
        "@protobufjs/codegen": "^2.0.4",
        "@protobufjs/eventemitter": "^1.1.0",
        "@protobufjs/fetch": "^1.1.0",
        "@protobufjs/float": "^1.0.2",
        "@protobufjs/inquire": "^1.1.0",
        "@protobufjs/path": "^1.1.2",
        "@protobufjs/pool": "^1.1.0",
        "@protobufjs/utf8": "^1.1.0",
        "@types/long": "^4.0.1",
        "@types/node": ">=13.7.0",
        "long": "^4.0.0"
      }
    },
    "require-directory": {
      "version": "2.1.1",
      "resolved": "https://registry.npmjs.org/require-directory/-/require-directory-2.1.1.tgz",
      "integrity": "sha1-jGStX9MNqxyXbiNE/+f3kqam30I="
    },
    "shebang-command": {
      "version": "2.0.0",
      "resolved": "https://registry.npmjs.org/shebang-command/-/shebang-command-2.0.0.tgz",
      "integrity": "sha512-kHxr2zZpYtdmrN1qDjrrX/Z1rR1kG8Dx+gkpK1G4eXmvXswmcE1hTWBWYUzlraYw1/yZp6YuDY77YtvbN0dmDA==",
      "peer": true,
      "requires": {
        "shebang-regex": "^3.0.0"
      }
    },
    "shebang-regex": {
      "version": "3.0.0",
      "resolved": "https://registry.npmjs.org/shebang-regex/-/shebang-regex-3.0.0.tgz",
      "integrity": "sha512-7++dFhtcx3353uBaq8DDR4NuxBetBzC7ZQOhmTQInHEd6bSrXdiEyzCvG07Z44UYdLShWUyXt5M/yhz8ekcb1A==",
      "peer": true
    },
    "short-uuid": {
      "version": "4.2.0",
      "resolved": "https://registry.npmjs.org/short-uuid/-/short-uuid-4.2.0.tgz",
      "integrity": "sha512-r3cxuPPZSuF0QkKsK9bBR7u+7cwuCRzWzgjPh07F5N2iIUNgblnMHepBY16xgj5t1lG9iOP9k/TEafY1qhRzaw==",
      "peer": true,
      "requires": {
        "any-base": "^1.1.0",
        "uuid": "^8.3.2"
      }
    },
    "signal-exit": {
      "version": "3.0.7",
      "resolved": "https://registry.npmjs.org/signal-exit/-/signal-exit-3.0.7.tgz",
      "integrity": "sha512-wnD2ZE+l+SPC/uoS0vXeE9L1+0wuaMqKlfz9AMUo38JsyLSBWSFcHR1Rri62LZc12vLr1gb3jl7iwQhgwpAbGQ==",
      "peer": true
    },
    "stoppable": {
      "version": "1.1.0",
      "resolved": "https://registry.npmjs.org/stoppable/-/stoppable-1.1.0.tgz",
      "integrity": "sha512-KXDYZ9dszj6bzvnEMRYvxgeTHU74QBFL54XKtP3nyMuJ81CFYtABZ3bAzL2EdFUaEwJOBOgENyFj3R7oTzDyyw==",
      "peer": true
    },
    "string-width": {
      "version": "4.2.3",
      "resolved": "https://registry.npmjs.org/string-width/-/string-width-4.2.3.tgz",
      "integrity": "sha512-wKyQRQpjJ0sIp62ErSZdGsjMJWsap5oRNihHhu6G7JVO/9jIB6UyevL+tXuOqrng8j/cxKTWyWUwvSTriiZz/g==",
      "requires": {
        "emoji-regex": "^8.0.0",
        "is-fullwidth-code-point": "^3.0.0",
        "strip-ansi": "^6.0.1"
      }
    },
    "strip-ansi": {
      "version": "6.0.1",
      "resolved": "https://registry.npmjs.org/strip-ansi/-/strip-ansi-6.0.1.tgz",
      "integrity": "sha512-Y38VPSHcqkFrCpFnQ9vuSXmquuv5oXOKpGeT6aGrr3o3Gc9AlVa6JBfUSOCnbxGGZF+/0ooI7KrPuUSztUdU5A==",
      "requires": {
        "ansi-regex": "^5.0.1"
      }
    },
    "strip-final-newline": {
      "version": "2.0.0",
      "resolved": "https://registry.npmjs.org/strip-final-newline/-/strip-final-newline-2.0.0.tgz",
      "integrity": "sha512-BrpvfNAE3dcvq7ll3xVumzjKjZQ5tI1sEUIKr3Uoks0XUl45St3FlatVqef9prk4jRDzhW6WZg+3bk93y6pLjA==",
      "peer": true
    },
    "tslib": {
      "version": "2.3.1",
      "resolved": "https://registry.npmjs.org/tslib/-/tslib-2.3.1.tgz",
      "integrity": "sha512-77EbyPPpMz+FRFRuAFlWMtmgUWGe9UOG2Z25NqCwiIjRhOf5iKGuzSe5P2w1laq+FkRy4p+PCuVkJSGkzTEKVw==",
      "peer": true
    },
    "uuid": {
      "version": "8.3.2",
      "resolved": "https://registry.npmjs.org/uuid/-/uuid-8.3.2.tgz",
      "integrity": "sha512-+NYs2QeMWy+GWFOEm9xnn6HCDp0l7QBD7ml8zLUmJ+93Q5NF0NocErnwkTkXVFNiX3/fpC6afS8Dhb/gz7R7eg==",
      "peer": true
    },
    "which": {
      "version": "2.0.2",
      "resolved": "https://registry.npmjs.org/which/-/which-2.0.2.tgz",
      "integrity": "sha512-BLI3Tl1TW3Pvl70l3yq3Y64i+awpwXqsGBYWkkqMtnbXgrMD+yj7rhW0kuEDxzJaYXGjEW5ogapKNMEKNMjibA==",
      "peer": true,
      "requires": {
        "isexe": "^2.0.0"
      }
    },
    "wrap-ansi": {
      "version": "7.0.0",
      "resolved": "https://registry.npmjs.org/wrap-ansi/-/wrap-ansi-7.0.0.tgz",
      "integrity": "sha512-YVGIj2kamLSTxw6NsZjoBxfSwsn0ycdesmc4p+Q21c5zPuZ1pl+NfxVdxPtdHvmNVOQ6XSYG4AUtyt/Fi7D16Q==",
      "requires": {
        "ansi-styles": "^4.0.0",
        "string-width": "^4.1.0",
        "strip-ansi": "^6.0.0"
      }
    },
    "y18n": {
      "version": "5.0.8",
      "resolved": "https://registry.npmjs.org/y18n/-/y18n-5.0.8.tgz",
      "integrity": "sha512-0pfFzegeDWJHJIAmTLRP2DwHjdF5s7jo9tuztdQxAhINCdvS+3nGINqPd00AphqJR/0LhANUS6/+7SCb98YOfA=="
    },
    "yargs": {
      "version": "16.2.0",
      "resolved": "https://registry.npmjs.org/yargs/-/yargs-16.2.0.tgz",
      "integrity": "sha512-D1mvvtDG0L5ft/jGWkLpG1+m0eQxOfaBvTNELraWj22wSVUMWxZUvYgJYcKh6jGGIkJFhH4IZPQhR4TKpc8mBw==",
      "requires": {
        "cliui": "^7.0.2",
        "escalade": "^3.1.1",
        "get-caller-file": "^2.0.5",
        "require-directory": "^2.1.1",
        "string-width": "^4.2.0",
        "y18n": "^5.0.5",
        "yargs-parser": "^20.2.2"
      }
    },
    "yargs-parser": {
      "version": "20.2.9",
      "resolved": "https://registry.npmjs.org/yargs-parser/-/yargs-parser-20.2.9.tgz",
      "integrity": "sha512-y11nGElTIV+CT3Zv9t7VKl+Q3hTQoT9a1Qzezhhl6Rp21gJ/IVTW7Z3y9EWXhuUBC2Shnf+DX0antecpAwSP8w=="
    }
  }
}
